
Microsoft Visual Studio Solution File, Format Version 12.00
# Visual Studio Version 17
VisualStudioVersion = 17.13.35818.85 d17.13
MinimumVisualStudioVersion = 10.0.40219.1
Project("{FAE04EC0-301F-11D3-BF4B-00C04F79EFBC}") = "HealthCheckerCLI", "HealthCheckerCLI.csproj", "{A6A26040-AC85-449C-B5C9-04F77D72E716}"
EndProject
Global
	GlobalSection(SolutionConfigurationPlatforms) = preSolution
		Debug|Any CPU = Debug|Any CPU
		Release|Any CPU = Release|Any CPU
	EndGlobalSection
	GlobalSection(ProjectConfigurationPlatforms) = postSolution
		{A6A26040-AC85-449C-B5C9-04F77D72E716}.Debug|Any CPU.ActiveCfg = Debug|Any CPU
		{A6A26040-AC85-449C-B5C9-04F77D72E716}.Debug|Any CPU.Build.0 = Debug|Any CPU
		{A6A26040-AC85-449C-B5C9-04F77D72E716}.Release|Any CPU.ActiveCfg = Release|Any CPU
		{A6A26040-AC85-449C-B5C9-04F77D72E716}.Release|Any CPU.Build.0 = Release|Any CPU
	EndGlobalSection
	GlobalSection(SolutionProperties) = preSolution
		HideSolutionNode = FALSE
	EndGlobalSection
	GlobalSection(ExtensibilityGlobals) = postSolution
		SolutionGuid = {D678DD3A-C658-4849-8985-6374125CF75C}
	EndGlobalSection
EndGlobal
